
Microsoft Visual Studio Solution File, Format Version 12.00
# Visual Studio Version 16
VisualStudioVersion = 16.0.29926.136
MinimumVisualStudioVersion = 10.0.40219.1
Project("{9A19103F-16F7-4668-BE54-9A1E7A4F7556}") = "Authorization.Testing", "Authorization.Testing.csproj", "{C5038720-ADEC-4CBC-AF8E-2259E79A033E}"
EndProject
Project("{9A19103F-16F7-4668-BE54-9A1E7A4F7556}") = "AuthorizationService", "..\AuthorizationService\AuthorizationService.csproj", "{673C4F24-BDBB-4515-9130-2D0C7B4ACD1B}"
EndProject
Global
	GlobalSection(SolutionConfigurationPlatforms) = preSolution
		Debug|Any CPU = Debug|Any CPU
		Release|Any CPU = Release|Any CPU
	EndGlobalSection
	GlobalSection(ProjectConfigurationPlatforms) = postSolution
		{C5038720-ADEC-4CBC-AF8E-2259E79A033E}.Debug|Any CPU.ActiveCfg = Debug|Any CPU
		{C5038720-ADEC-4CBC-AF8E-2259E79A033E}.Debug|Any CPU.Build.0 = Debug|Any CPU
		{C5038720-ADEC-4CBC-AF8E-2259E79A033E}.Release|Any CPU.ActiveCfg = Release|Any CPU
		{C5038720-ADEC-4CBC-AF8E-2259E79A033E}.Release|Any CPU.Build.0 = Release|Any CPU
		{673C4F24-BDBB-4515-9130-2D0C7B4ACD1B}.Debug|Any CPU.ActiveCfg = Debug|Any CPU
		{673C4F24-BDBB-4515-9130-2D0C7B4ACD1B}.Debug|Any CPU.Build.0 = Debug|Any CPU
		{673C4F24-BDBB-4515-9130-2D0C7B4ACD1B}.Release|Any CPU.ActiveCfg = Release|Any CPU
		{673C4F24-BDBB-4515-9130-2D0C7B4ACD1B}.Release|Any CPU.Build.0 = Release|Any CPU
	EndGlobalSection
	GlobalSection(SolutionProperties) = preSolution
		HideSolutionNode = FALSE
	EndGlobalSection
	GlobalSection(ExtensibilityGlobals) = postSolution
		SolutionGuid = {E6126176-BE28-4BF8-A9A2-8E9A6135DD44}
	EndGlobalSection
EndGlobal
