
Microsoft Visual Studio Solution File, Format Version 12.00
# Visual Studio Version 16
VisualStudioVersion = 16.0.30204.135
MinimumVisualStudioVersion = 10.0.40219.1
Project("{9A19103F-16F7-4668-BE54-9A1E7A4F7556}") = "MailOrderPharmacySubsription", "MailOrderPharmacySubsription.csproj", "{2AFBF2F3-AD3D-47CE-A31F-AD559FDD8BD9}"
EndProject
Project("{FAE04EC0-301F-11D3-BF4B-00C04F79EFBC}") = "NUnitTest_SubscriptionMicroservice", "..\NUnitTest_SubscriptionMicroservice\NUnitTest_SubscriptionMicroservice.csproj", "{2E05C460-AC92-4A70-8765-515FBB7546EC}"
EndProject
Global
	GlobalSection(SolutionConfigurationPlatforms) = preSolution
		Debug|Any CPU = Debug|Any CPU
		Release|Any CPU = Release|Any CPU
	EndGlobalSection
	GlobalSection(ProjectConfigurationPlatforms) = postSolution
		{2AFBF2F3-AD3D-47CE-A31F-AD559FDD8BD9}.Debug|Any CPU.ActiveCfg = Debug|Any CPU
		{2AFBF2F3-AD3D-47CE-A31F-AD559FDD8BD9}.Debug|Any CPU.Build.0 = Debug|Any CPU
		{2AFBF2F3-AD3D-47CE-A31F-AD559FDD8BD9}.Release|Any CPU.ActiveCfg = Release|Any CPU
		{2AFBF2F3-AD3D-47CE-A31F-AD559FDD8BD9}.Release|Any CPU.Build.0 = Release|Any CPU
		{2E05C460-AC92-4A70-8765-515FBB7546EC}.Debug|Any CPU.ActiveCfg = Debug|Any CPU
		{2E05C460-AC92-4A70-8765-515FBB7546EC}.Debug|Any CPU.Build.0 = Debug|Any CPU
		{2E05C460-AC92-4A70-8765-515FBB7546EC}.Release|Any CPU.ActiveCfg = Release|Any CPU
		{2E05C460-AC92-4A70-8765-515FBB7546EC}.Release|Any CPU.Build.0 = Release|Any CPU
	EndGlobalSection
	GlobalSection(SolutionProperties) = preSolution
		HideSolutionNode = FALSE
	EndGlobalSection
	GlobalSection(ExtensibilityGlobals) = postSolution
		SolutionGuid = {55C7A554-4857-4A28-8670-205C03253A48}
	EndGlobalSection
EndGlobal
