
Microsoft Visual Studio Solution File, Format Version 12.00
# Visual Studio Version 16
VisualStudioVersion = 16.0.30204.135
MinimumVisualStudioVersion = 10.0.40219.1
Project("{FAE04EC0-301F-11D3-BF4B-00C04F79EFBC}") = "LoginPortal", "LoginPortal.csproj", "{0DF3B309-240B-40ED-B5CC-B17240A08B22}"
EndProject
Global
	GlobalSection(SolutionConfigurationPlatforms) = preSolution
		Debug|Any CPU = Debug|Any CPU
		Release|Any CPU = Release|Any CPU
	EndGlobalSection
	GlobalSection(ProjectConfigurationPlatforms) = postSolution
		{0DF3B309-240B-40ED-B5CC-B17240A08B22}.Debug|Any CPU.ActiveCfg = Debug|Any CPU
		{0DF3B309-240B-40ED-B5CC-B17240A08B22}.Debug|Any CPU.Build.0 = Debug|Any CPU
		{0DF3B309-240B-40ED-B5CC-B17240A08B22}.Release|Any CPU.ActiveCfg = Release|Any CPU
		{0DF3B309-240B-40ED-B5CC-B17240A08B22}.Release|Any CPU.Build.0 = Release|Any CPU
	EndGlobalSection
	GlobalSection(SolutionProperties) = preSolution
		HideSolutionNode = FALSE
	EndGlobalSection
	GlobalSection(ExtensibilityGlobals) = postSolution
		SolutionGuid = {1420B6DA-2E19-47BF-816E-273A7AF340FC}
	EndGlobalSection
EndGlobal
